// !$*UTF8*$!
{
	archiveVersion = 1;
	classes = {
	};
	objectVersion = 46;
	objects = {

/* Begin PBXBuildFile section */
		83E6EC981A9F51CB00E004E1 /* main.m in Sources */ = {isa = PBXBuildFile; fileRef = 83E6EC971A9F51CB00E004E1 /* main.m */; };
		83E6EC9B1A9F51CB00E004E1 /* AppDelegate.m in Sources */ = {isa = PBXBuildFile; fileRef = 83E6EC9A1A9F51CB00E004E1 /* AppDelegate.m */; };
		83E6EC9E1A9F51CB00E004E1 /* ViewController.m in Sources */ = {isa = PBXBuildFile; fileRef = 83E6EC9D1A9F51CB00E004E1 /* ViewController.m */; };
		83E6ECA11A9F51CB00E004E1 /* Main.storyboard in Resources */ = {isa = PBXBuildFile; fileRef = 83E6EC9F1A9F51CB00E004E1 /* Main.storyboard */; };
		83E6ECA31A9F51CB00E004E1 /* Images.xcassets in Resources */ = {isa = PBXBuildFile; fileRef = 83E6ECA21A9F51CB00E004E1 /* Images.xcassets */; };
		83E6ECA61A9F51CB00E004E1 /* LaunchScreen.xib in Resources */ = {isa = PBXBuildFile; fileRef = 83E6ECA41A9F51CB00E004E1 /* LaunchScreen.xib */; };
		83E6ECB21A9F51CB00E004E1 /* GeoChatWithXMPPTests.m in Sources */ = {isa = PBXBuildFile; fileRef = 83E6ECB11A9F51CB00E004E1 /* GeoChatWithXMPPTests.m */; };
/* End PBXBuildFile section */

/* Begin PBXContainerItemProxy section */
		83E6ECAC1A9F51CB00E004E1 /* PBXContainerItemProxy */ = {
			isa = PBXContainerItemProxy;
			containerPortal = 83E6EC8A1A9F51CB00E004E1 /* Project object */;
			proxyType = 1;
			remoteGlobalIDString = 83E6EC911A9F51CB00E004E1;
			remoteInfo = GeoChatWithXMPP;
		};
/* End PBXContainerItemProxy section */

/* Begin PBXFileReference section */
		83E6EC921A9F51CB00E004E1 /* GeoChatWithXMPP.app */ = {isa = PBXFileReference; explicitFileType = wrapper.application; includeInIndex = 0; path = GeoChatWithXMPP.app; sourceTree = BUILT_PRODUCTS_DIR; };
		83E6EC961A9F51CB00E004E1 /* Info.plist */ = {isa = PBXFileReference; lastKnownFileType = text.plist.xml; path = Info.plist; sourceTree = "<group>"; };
		83E6EC971A9F51CB00E004E1 /* main.m */ = {isa = PBXFileReference; lastKnownFileType = sourcecode.c.objc; path = main.m; sourceTree = "<group>"; };
		83E6EC991A9F51CB00E004E1 /* AppDelegate.h */ = {isa = PBXFileReference; lastKnownFileType = sourcecode.c.h; path = AppDelegate.h; sourceTree = "<group>"; };
		83E6EC9A1A9F51CB00E004E1 /* AppDelegate.m */ = {isa = PBXFileReference; lastKnownFileType = sourcecode.c.objc; path = AppDelegate.m; sourceTree = "<group>"; };
		83E6EC9C1A9F51CB00E004E1 /* ViewController.h */ = {isa = PBXFileReference; lastKnownFileType = sourcecode.c.h; path = ViewController.h; sourceTree = "<group>"; };
		83E6EC9D1A9F51CB00E004E1 /* ViewController.m */ = {isa = PBXFileReference; lastKnownFileType = sourcecode.c.objc; path = ViewController.m; sourceTree = "<group>"; };
		83E6ECA01A9F51CB00E004E1 /* Base */ = {isa = PBXFileReference; lastKnownFileType = file.storyboard; name = Base; path = Base.lproj/Main.storyboard; sourceTree = "<group>"; };
		83E6ECA21A9F51CB00E004E1 /* Images.xcassets */ = {isa = PBXFileReference; lastKnownFileType = folder.assetcatalog; path = Images.xcassets; sourceTree = "<group>"; };
		83E6ECA51A9F51CB00E004E1 /* Base */ = {isa = PBXFileReference; lastKnownFileType = file.xib; name = Base; path = Base.lproj/LaunchScreen.xib; sourceTree = "<group>"; };
		83E6ECAB1A9F51CB00E004E1 /* GeoChatWithXMPPTests.xctest */ = {isa = PBXFileReference; explicitFileType = wrapper.cfbundle; includeInIndex = 0; path = GeoChatWithXMPPTests.xctest; sourceTree = BUILT_PRODUCTS_DIR; };
		83E6ECB01A9F51CB00E004E1 /* Info.plist */ = {isa = PBXFileReference; lastKnownFileType = text.plist.xml; path = Info.plist; sourceTree = "<group>"; };
		83E6ECB11A9F51CB00E004E1 /* GeoChatWithXMPPTests.m */ = {isa = PBXFileReference; lastKnownFileType = sourcecode.c.objc; path = GeoChatWithXMPPTests.m; sourceTree = "<group>"; };
/* End PBXFileReference section */

/* Begin PBXFrameworksBuildPhase section */
		83E6EC8F1A9F51CB00E004E1 /* Frameworks */ = {
			isa = PBXFrameworksBuildPhase;
			buildActionMask = 2147483647;
			files = (
			);
			runOnlyForDeploymentPostprocessing = 0;
		};
		83E6ECA81A9F51CB00E004E1 /* Frameworks */ = {
			isa = PBXFrameworksBuildPhase;
			buildActionMask = 2147483647;
			files = (
			);
			runOnlyForDeploymentPostprocessing = 0;
		};
/* End PBXFrameworksBuildPhase section */

/* Begin PBXGroup section */
		83E6EC891A9F51CB00E004E1 = {
			isa = PBXGroup;
			children = (
				83E6EC941A9F51CB00E004E1 /* GeoChatWithXMPP */,
				83E6ECAE1A9F51CB00E004E1 /* GeoChatWithXMPPTests */,
				83E6EC931A9F51CB00E004E1 /* Products */,
			);
			sourceTree = "<group>";
		};
		83E6EC931A9F51CB00E004E1 /* Products */ = {
			isa = PBXGroup;
			children = (
				83E6EC921A9F51CB00E004E1 /* GeoChatWithXMPP.app */,
				83E6ECAB1A9F51CB00E004E1 /* GeoChatWithXMPPTests.xctest */,
			);
			name = Products;
			sourceTree = "<group>";
		};
		83E6EC941A9F51CB00E004E1 /* GeoChatWithXMPP */ = {
			isa = PBXGroup;
			children = (
				83E6EC991A9F51CB00E004E1 /* AppDelegate.h */,
				83E6EC9A1A9F51CB00E004E1 /* AppDelegate.m */,
				83E6EC9C1A9F51CB00E004E1 /* ViewController.h */,
				83E6EC9D1A9F51CB00E004E1 /* ViewController.m */,
				83E6EC9F1A9F51CB00E004E1 /* Main.storyboard */,
				83E6ECA21A9F51CB00E004E1 /* Images.xcassets */,
				83E6ECA41A9F51CB00E004E1 /* LaunchScreen.xib */,
				83E6EC951A9F51CB00E004E1 /* Supporting Files */,
			);
			path = GeoChatWithXMPP;
			sourceTree = "<group>";
		};
		83E6EC951A9F51CB00E004E1 /* Supporting Files */ = {
			isa = PBXGroup;
			children = (
				83E6EC961A9F51CB00E004E1 /* Info.plist */,
				83E6EC971A9F51CB00E004E1 /* main.m */,
			);
			name = "Supporting Files";
			sourceTree = "<group>";
		};
		83E6ECAE1A9F51CB00E004E1 /* GeoChatWithXMPPTests */ = {
			isa = PBXGroup;
			children = (
				83E6ECB11A9F51CB00E004E1 /* GeoChatWithXMPPTests.m */,
				83E6ECAF1A9F51CB00E004E1 /* Supporting Files */,
			);
			path = GeoChatWithXMPPTests;
			sourceTree = "<group>";
		};
		83E6ECAF1A9F51CB00E004E1 /* Supporting Files */ = {
			isa = PBXGroup;
			children = (
				83E6ECB01A9F51CB00E004E1 /* Info.plist */,
			);
			name = "Supporting Files";
			sourceTree = "<group>";
		};
/* End PBXGroup section */

/* Begin PBXNativeTarget section */
		83E6EC911A9F51CB00E004E1 /* GeoChatWithXMPP */ = {
			isa = PBXNativeTarget;
			buildConfigurationList = 83E6ECB51A9F51CB00E004E1 /* Build configuration list for PBXNativeTarget "GeoChatWithXMPP" */;
			buildPhases = (
				83E6EC8E1A9F51CB00E004E1 /* Sources */,
				83E6EC8F1A9F51CB00E004E1 /* Frameworks */,
				83E6EC901A9F51CB00E004E1 /* Resources */,
			);
			buildRules = (
			);
			dependencies = (
			);
			name = GeoChatWithXMPP;
			productName = GeoChatWithXMPP;
			productReference = 83E6EC921A9F51CB00E004E1 /* GeoChatWithXMPP.app */;
			productType = "com.apple.product-type.application";
		};
		83E6ECAA1A9F51CB00E004E1 /* GeoChatWithXMPPTests */ = {
			isa = PBXNativeTarget;
			buildConfigurationList = 83E6ECB81A9F51CB00E004E1 /* Build configuration list for PBXNativeTarget "GeoChatWithXMPPTests" */;
			buildPhases = (
				83E6ECA71A9F51CB00E004E1 /* Sources */,
				83E6ECA81A9F51CB00E004E1 /* Frameworks */,
				83E6ECA91A9F51CB00E004E1 /* Resources */,
			);
			buildRules = (
			);
			dependencies = (
				83E6ECAD1A9F51CB00E004E1 /* PBXTargetDependency */,
			);
			name = GeoChatWithXMPPTests;
			productName = GeoChatWithXMPPTests;
			productReference = 83E6ECAB1A9F51CB00E004E1 /* GeoChatWithXMPPTests.xctest */;
			productType = "com.apple.product-type.bundle.unit-test";
		};
/* End PBXNativeTarget section */

/* Begin PBXProject section */
		83E6EC8A1A9F51CB00E004E1 /* Project object */ = {
			isa = PBXProject;
			attributes = {
				LastUpgradeCheck = 0610;
				ORGANIZATIONNAME = "Данил";
				TargetAttributes = {
					83E6EC911A9F51CB00E004E1 = {
						CreatedOnToolsVersion = 6.1.1;
					};
					83E6ECAA1A9F51CB00E004E1 = {
						CreatedOnToolsVersion = 6.1.1;
						TestTargetID = 83E6EC911A9F51CB00E004E1;
					};
				};
			};
			buildConfigurationList = 83E6EC8D1A9F51CB00E004E1 /* Build configuration list for PBXProject "GeoChatWithXMPP" */;
			compatibilityVersion = "Xcode 3.2";
			developmentRegion = English;
			hasScannedForEncodings = 0;
			knownRegions = (
				en,
				Base,
			);
			mainGroup = 83E6EC891A9F51CB00E004E1;
			productRefGroup = 83E6EC931A9F51CB00E004E1 /* Products */;
			projectDirPath = "";
			projectRoot = "";
			targets = (
				83E6EC911A9F51CB00E004E1 /* GeoChatWithXMPP */,
				83E6ECAA1A9F51CB00E004E1 /* GeoChatWithXMPPTests */,
			);
		};
/* End PBXProject section */

/* Begin PBXResourcesBuildPhase section */
		83E6EC901A9F51CB00E004E1 /* Resources */ = {
			isa = PBXResourcesBuildPhase;
			buildActionMask = 2147483647;
			files = (
				83E6ECA11A9F51CB00E004E1 /* Main.storyboard in Resources */,
				83E6ECA61A9F51CB00E004E1 /* LaunchScreen.xib in Resources */,
				83E6ECA31A9F51CB00E004E1 /* Images.xcassets in Resources */,
			);
			runOnlyForDeploymentPostprocessing = 0;
		};
		83E6ECA91A9F51CB00E004E1 /* Resources */ = {
			isa = PBXResourcesBuildPhase;
			buildActionMask = 2147483647;
			files = (
			);
			runOnlyForDeploymentPostprocessing = 0;
		};
/* End PBXResourcesBuildPhase section */

/* Begin PBXSourcesBuildPhase section */
		83E6EC8E1A9F51CB00E004E1 /* Sources */ = {
			isa = PBXSourcesBuildPhase;
			buildActionMask = 2147483647;
			files = (
				83E6EC9E1A9F51CB00E004E1 /* ViewController.m in Sources */,
				83E6EC9B1A9F51CB00E004E1 /* AppDelegate.m in Sources */,
				83E6EC981A9F51CB00E004E1 /* main.m in Sources */,
			);
			runOnlyForDeploymentPostprocessing = 0;
		};
		83E6ECA71A9F51CB00E004E1 /* Sources */ = {
			isa = PBXSourcesBuildPhase;
			buildActionMask = 2147483647;
			files = (
				83E6ECB21A9F51CB00E004E1 /* GeoChatWithXMPPTests.m in Sources */,
			);
			runOnlyForDeploymentPostprocessing = 0;
		};
/* End PBXSourcesBuildPhase section */

/* Begin PBXTargetDependency section */
		83E6ECAD1A9F51CB00E004E1 /* PBXTargetDependency */ = {
			isa = PBXTargetDependency;
			target = 83E6EC911A9F51CB00E004E1 /* GeoChatWithXMPP */;
			targetProxy = 83E6ECAC1A9F51CB00E004E1 /* PBXContainerItemProxy */;
		};
/* End PBXTargetDependency section */

/* Begin PBXVariantGroup section */
		83E6EC9F1A9F51CB00E004E1 /* Main.storyboard */ = {
			isa = PBXVariantGroup;
			children = (
				83E6ECA01A9F51CB00E004E1 /* Base */,
			);
			name = Main.storyboard;
			sourceTree = "<group>";
		};
		83E6ECA41A9F51CB00E004E1 /* LaunchScreen.xib */ = {
			isa = PBXVariantGroup;
			children = (
				83E6ECA51A9F51CB00E004E1 /* Base */,
			);
			name = LaunchScreen.xib;
			sourceTree = "<group>";
		};
/* End PBXVariantGroup section */

/* Begin XCBuildConfiguration section */
		83E6ECB31A9F51CB00E004E1 /* Debug */ = {
			isa = XCBuildConfiguration;
			buildSettings = {
				ALWAYS_SEARCH_USER_PATHS = NO;
				CLANG_CXX_LANGUAGE_STANDARD = "gnu++0x";
				CLANG_CXX_LIBRARY = "libc++";
				CLANG_ENABLE_MODULES = YES;
				CLANG_ENABLE_OBJC_ARC = YES;
				CLANG_WARN_BOOL_CONVERSION = YES;
				CLANG_WARN_CONSTANT_CONVERSION = YES;
				CLANG_WARN_DIRECT_OBJC_ISA_USAGE = YES_ERROR;
				CLANG_WARN_EMPTY_BODY = YES;
				CLANG_WARN_ENUM_CONVERSION = YES;
				CLANG_WARN_INT_CONVERSION = YES;
				CLANG_WARN_OBJC_ROOT_CLASS = YES_ERROR;
				CLANG_WARN_UNREACHABLE_CODE = YES;
				CLANG_WARN__DUPLICATE_METHOD_MATCH = YES;
				"CODE_SIGN_IDENTITY[sdk=iphoneos*]" = "iPhone Developer";
				COPY_PHASE_STRIP = NO;
				ENABLE_STRICT_OBJC_MSGSEND = YES;
				GCC_C_LANGUAGE_STANDARD = gnu99;
				GCC_DYNAMIC_NO_PIC = NO;
				GCC_OPTIMIZATION_LEVEL = 0;
				GCC_PREPROCESSOR_DEFINITIONS = (
					"DEBUG=1",
					"$(inherited)",
				);
				GCC_SYMBOLS_PRIVATE_EXTERN = NO;
				GCC_WARN_64_TO_32_BIT_CONVERSION = YES;
				GCC_WARN_ABOUT_RETURN_TYPE = YES_ERROR;
				GCC_WARN_UNDECLARED_SELECTOR = YES;
				GCC_WARN_UNINITIALIZED_AUTOS = YES_AGGRESSIVE;
				GCC_WARN_UNUSED_FUNCTION = YES;
				GCC_WARN_UNUSED_VARIABLE = YES;
				IPHONEOS_DEPLOYMENT_TARGET = 8.1;
				MTL_ENABLE_DEBUG_INFO = YES;
				ONLY_ACTIVE_ARCH = YES;
				SDKROOT = iphoneos;
			};
			name = Debug;
		};
		83E6ECB41A9F51CB00E004E1 /* Release */ = {
			isa = XCBuildConfiguration;
			buildSettings = {
				ALWAYS_SEARCH_USER_PATHS = NO;
				CLANG_CXX_LANGUAGE_STANDARD = "gnu++0x";
				CLANG_CXX_LIBRARY = "libc++";
				CLANG_ENABLE_MODULES = YES;
				CLANG_ENABLE_OBJC_ARC = YES;
				CLANG_WARN_BOOL_CONVERSION = YES;
				CLANG_WARN_CONSTANT_CONVERSION = YES;
				CLANG_WARN_DIRECT_OBJC_ISA_USAGE = YES_ERROR;
				CLANG_WARN_EMPTY_BODY = YES;
				CLANG_WARN_ENUM_CONVERSION = YES;
				CLANG_WARN_INT_CONVERSION = YES;
				CLANG_WARN_OBJC_ROOT_CLASS = YES_ERROR;
				CLANG_WARN_UNREACHABLE_CODE = YES;
				CLANG_WARN__DUPLICATE_METHOD_MATCH = YES;
				"CODE_SIGN_IDENTITY[sdk=iphoneos*]" = "iPhone Developer";
				COPY_PHASE_STRIP = YES;
				ENABLE_NS_ASSERTIONS = NO;
				ENABLE_STRICT_OBJC_MSGSEND = YES;
				GCC_C_LANGUAGE_STANDARD = gnu99;
				GCC_WARN_64_TO_32_BIT_CONVERSION = YES;
				GCC_WARN_ABOUT_RETURN_TYPE = YES_ERROR;
				GCC_WARN_UNDECLARED_SELECTOR = YES;
				GCC_WARN_UNINITIALIZED_AUTOS = YES_AGGRESSIVE;
				GCC_WARN_UNUSED_FUNCTION = YES;
				GCC_WARN_UNUSED_VARIABLE = YES;
				IPHONEOS_DEPLOYMENT_TARGET = 8.1;
				MTL_ENABLE_DEBUG_INFO = NO;
				SDKROOT = iphoneos;
				VALIDATE_PRODUCT = YES;
			};
			name = Release;
		};
		83E6ECB61A9F51CB00E004E1 /* Debug */ = {
			isa = XCBuildConfiguration;
			buildSettings = {
				ASSETCATALOG_COMPILER_APPICON_NAME = AppIcon;
				INFOPLIST_FILE = GeoChatWithXMPP/Info.plist;
				LD_RUNPATH_SEARCH_PATHS = "$(inherited) @executable_path/Frameworks";
				PRODUCT_NAME = "$(TARGET_NAME)";
			};
			name = Debug;
		};
		83E6ECB71A9F51CB00E004E1 /* Release */ = {
			isa = XCBuildConfiguration;
			buildSettings = {
				ASSETCATALOG_COMPILER_APPICON_NAME = AppIcon;
				INFOPLIST_FILE = GeoChatWithXMPP/Info.plist;
				LD_RUNPATH_SEARCH_PATHS = "$(inherited) @executable_path/Frameworks";
				PRODUCT_NAME = "$(TARGET_NAME)";
			};
			name = Release;
		};
		83E6ECB91A9F51CB00E004E1 /* Debug */ = {
			isa = XCBuildConfiguration;
			buildSettings = {
				BUNDLE_LOADER = "$(TEST_HOST)";
				FRAMEWORK_SEARCH_PATHS = (
					"$(SDKROOT)/Developer/Library/Frameworks",
					"$(inherited)",
				);
				GCC_PREPROCESSOR_DEFINITIONS = (
					"DEBUG=1",
					"$(inherited)",
				);
				INFOPLIST_FILE = GeoChatWithXMPPTests/Info.plist;
				LD_RUNPATH_SEARCH_PATHS = "$(inherited) @executable_path/Frameworks @loader_path/Frameworks";
				PRODUCT_NAME = "$(TARGET_NAME)";
				TEST_HOST = "$(BUILT_PRODUCTS_DIR)/GeoChatWithXMPP.app/GeoChatWithXMPP";
			};
			name = Debug;
		};
		83E6ECBA1A9F51CB00E004E1 /* Release */ = {
			isa = XCBuildConfiguration;
			buildSettings = {
				BUNDLE_LOADER = "$(TEST_HOST)";
				FRAMEWORK_SEARCH_PATHS = (
					"$(SDKROOT)/Developer/Library/Frameworks",
					"$(inherited)",
				);
				INFOPLIST_FILE = GeoChatWithXMPPTests/Info.plist;
				LD_RUNPATH_SEARCH_PATHS = "$(inherited) @executable_path/Frameworks @loader_path/Frameworks";
				PRODUCT_NAME = "$(TARGET_NAME)";
				TEST_HOST = "$(BUILT_PRODUCTS_DIR)/GeoChatWithXMPP.app/GeoChatWithXMPP";
			};
			name = Release;
		};
/* End XCBuildConfiguration section */

/* Begin XCConfigurationList section */
		83E6EC8D1A9F51CB00E004E1 /* Build configuration list for PBXProject "GeoChatWithXMPP" */ = {
			isa = XCConfigurationList;
			buildConfigurations = (
				83E6ECB31A9F51CB00E004E1 /* Debug */,
				83E6ECB41A9F51CB00E004E1 /* Release */,
			);
			defaultConfigurationIsVisible = 0;
			defaultConfigurationName = Release;
		};
		83E6ECB51A9F51CB00E004E1 /* Build configuration list for PBXNativeTarget "GeoChatWithXMPP" */ = {
			isa = XCConfigurationList;
			buildConfigurations = (
				83E6ECB61A9F51CB00E004E1 /* Debug */,
				83E6ECB71A9F51CB00E004E1 /* Release */,
			);
			defaultConfigurationIsVisible = 0;
		};
		83E6ECB81A9F51CB00E004E1 /* Build configuration list for PBXNativeTarget "GeoChatWithXMPPTests" */ = {
			isa = XCConfigurationList;
			buildConfigurations = (
				83E6ECB91A9F51CB00E004E1 /* Debug */,
				83E6ECBA1A9F51CB00E004E1 /* Release */,
			);
			defaultConfigurationIsVisible = 0;
		};
/* End XCConfigurationList section */
	};
	rootObject = 83E6EC8A1A9F51CB00E004E1 /* Project object */;
}
